// !$*UTF8*$!
{
	archiveVersion = 1;
	classes = {
	};
	objectVersion = 46;
	objects = {

/* Begin PBXBuildFile section */
		6A44D52CF0764593A3BFC742 /* libPods-OrangeFashion.a in Frameworks */ = {isa = PBXBuildFile; fileRef = B51E29F28E764B30BDE87C81 /* libPods-OrangeFashion.a */; };
		B40A9AC41951A5980075337E /* AFOAuth1Client.m in Sources */ = {isa = PBXBuildFile; fileRef = B40A9AC31951A5980075337E /* AFOAuth1Client.m */; };
		B4434C85194E230000F70419 /* main.m in Sources */ = {isa = PBXBuildFile; fileRef = B4434C84194E230000F70419 /* main.m */; };
		B4434C88194E230000F70419 /* AppDelegate.m in Sources */ = {isa = PBXBuildFile; fileRef = B4434C87194E230000F70419 /* AppDelegate.m */; };
		B4434C8B194E230000F70419 /* ViewController.m in Sources */ = {isa = PBXBuildFile; fileRef = B4434C8A194E230000F70419 /* ViewController.m */; };
		B4434C8E194E230000F70419 /* Main.storyboard in Resources */ = {isa = PBXBuildFile; fileRef = B4434C8C194E230000F70419 /* Main.storyboard */; };
		B4434C90194E230000F70419 /* Images.xcassets in Resources */ = {isa = PBXBuildFile; fileRef = B4434C8F194E230000F70419 /* Images.xcassets */; };
		B44B25F21953F584007CE8B1 /* AFOAuth1OneLeggedClientWooParser.m in Sources */ = {isa = PBXBuildFile; fileRef = B44B25F11953F584007CE8B1 /* AFOAuth1OneLeggedClientWooParser.m */; };
		B461DCDE19542C28003F7EF4 /* AFOAuth1OneLeggedClientTests.m in Sources */ = {isa = PBXBuildFile; fileRef = B490FE4719542A6000E1B60F /* AFOAuth1OneLeggedClientTests.m */; };
		B461DCDF19542C2C003F7EF4 /* AFOAuth1OneLeggedClientWooParserTests.m in Sources */ = {isa = PBXBuildFile; fileRef = B490FE4819542A6000E1B60F /* AFOAuth1OneLeggedClientWooParserTests.m */; };
		B47B335319529E1600F207F3 /* AFOAuth1OneLeggedClient.m in Sources */ = {isa = PBXBuildFile; fileRef = B47B335219529E1600F207F3 /* AFOAuth1OneLeggedClient.m */; };
		EDC3AD8226EB49B4B9F013C9 /* libPods-OrangeFashionTests.a in Frameworks */ = {isa = PBXBuildFile; fileRef = EF1C8A3E323345E48F708F87 /* libPods-OrangeFashionTests.a */; };
/* End PBXBuildFile section */

/* Begin PBXContainerItemProxy section */
		B4434C96194E230000F70419 /* PBXContainerItemProxy */ = {
			isa = PBXContainerItemProxy;
			containerPortal = B4434C77194E230000F70419 /* Project object */;
			proxyType = 1;
			remoteGlobalIDString = B4434C7E194E230000F70419;
			remoteInfo = OrangeFashion;
		};
/* End PBXContainerItemProxy section */

/* Begin PBXFileReference section */
		286A147C54D1456B88623119 /* Pods-OrangeFashion.xcconfig */ = {isa = PBXFileReference; includeInIndex = 1; lastKnownFileType = text.xcconfig; name = "Pods-OrangeFashion.xcconfig"; path = "Pods/Pods-OrangeFashion.xcconfig"; sourceTree = "<group>"; };
		8856AF79BB734F728449A976 /* Pods-OrangeFashionTests.xcconfig */ = {isa = PBXFileReference; includeInIndex = 1; lastKnownFileType = text.xcconfig; name = "Pods-OrangeFashionTests.xcconfig"; path = "Pods/Pods-OrangeFashionTests.xcconfig"; sourceTree = "<group>"; };
		B40A9AC21951A5980075337E /* AFOAuth1Client.h */ = {isa = PBXFileReference; fileEncoding = 4; lastKnownFileType = sourcecode.c.h; path = AFOAuth1Client.h; sourceTree = "<group>"; };
		B40A9AC31951A5980075337E /* AFOAuth1Client.m */ = {isa = PBXFileReference; fileEncoding = 4; lastKnownFileType = sourcecode.c.objc; path = AFOAuth1Client.m; sourceTree = "<group>"; };
		B4434C7F194E230000F70419 /* OrangeFashion.app */ = {isa = PBXFileReference; explicitFileType = wrapper.application; includeInIndex = 0; path = OrangeFashion.app; sourceTree = BUILT_PRODUCTS_DIR; };
		B4434C83194E230000F70419 /* Info.plist */ = {isa = PBXFileReference; lastKnownFileType = text.plist.xml; path = Info.plist; sourceTree = "<group>"; };
		B4434C84194E230000F70419 /* main.m */ = {isa = PBXFileReference; lastKnownFileType = sourcecode.c.objc; path = main.m; sourceTree = "<group>"; };
		B4434C86194E230000F70419 /* AppDelegate.h */ = {isa = PBXFileReference; lastKnownFileType = sourcecode.c.h; path = AppDelegate.h; sourceTree = "<group>"; };
		B4434C87194E230000F70419 /* AppDelegate.m */ = {isa = PBXFileReference; lastKnownFileType = sourcecode.c.objc; path = AppDelegate.m; sourceTree = "<group>"; };
		B4434C89194E230000F70419 /* ViewController.h */ = {isa = PBXFileReference; lastKnownFileType = sourcecode.c.h; path = ViewController.h; sourceTree = "<group>"; };
		B4434C8A194E230000F70419 /* ViewController.m */ = {isa = PBXFileReference; lastKnownFileType = sourcecode.c.objc; path = ViewController.m; sourceTree = "<group>"; };
		B4434C8D194E230000F70419 /* Base */ = {isa = PBXFileReference; lastKnownFileType = file.storyboard; name = Base; path = Base.lproj/Main.storyboard; sourceTree = "<group>"; };
		B4434C8F194E230000F70419 /* Images.xcassets */ = {isa = PBXFileReference; lastKnownFileType = folder.assetcatalog; path = Images.xcassets; sourceTree = "<group>"; };
		B4434C95194E230000F70419 /* OrangeFashionTests.xctest */ = {isa = PBXFileReference; explicitFileType = wrapper.cfbundle; includeInIndex = 0; path = OrangeFashionTests.xctest; sourceTree = BUILT_PRODUCTS_DIR; };
		B4434C9A194E230000F70419 /* Info.plist */ = {isa = PBXFileReference; lastKnownFileType = text.plist.xml; path = Info.plist; sourceTree = "<group>"; };
		B44B25F01953F584007CE8B1 /* AFOAuth1OneLeggedClientWooParser.h */ = {isa = PBXFileReference; fileEncoding = 4; lastKnownFileType = sourcecode.c.h; path = AFOAuth1OneLeggedClientWooParser.h; sourceTree = "<group>"; };
		B44B25F11953F584007CE8B1 /* AFOAuth1OneLeggedClientWooParser.m */ = {isa = PBXFileReference; fileEncoding = 4; lastKnownFileType = sourcecode.c.objc; path = AFOAuth1OneLeggedClientWooParser.m; sourceTree = "<group>"; };
		B47B335119529E1600F207F3 /* AFOAuth1OneLeggedClient.h */ = {isa = PBXFileReference; fileEncoding = 4; lastKnownFileType = sourcecode.c.h; path = AFOAuth1OneLeggedClient.h; sourceTree = "<group>"; };
		B47B335219529E1600F207F3 /* AFOAuth1OneLeggedClient.m */ = {isa = PBXFileReference; fileEncoding = 4; lastKnownFileType = sourcecode.c.objc; path = AFOAuth1OneLeggedClient.m; sourceTree = "<group>"; };
		B490FE4719542A6000E1B60F /* AFOAuth1OneLeggedClientTests.m */ = {isa = PBXFileReference; fileEncoding = 4; lastKnownFileType = sourcecode.c.objc; name = AFOAuth1OneLeggedClientTests.m; path = ../OrangeFashion/AFOAuth1Client/AFOAuth1OneLeggedClientTests.m; sourceTree = "<group>"; };
		B490FE4819542A6000E1B60F /* AFOAuth1OneLeggedClientWooParserTests.m */ = {isa = PBXFileReference; fileEncoding = 4; lastKnownFileType = sourcecode.c.objc; name = AFOAuth1OneLeggedClientWooParserTests.m; path = ../OrangeFashion/AFOAuth1Client/AFOAuth1OneLeggedClientWooParserTests.m; sourceTree = "<group>"; };
		B51E29F28E764B30BDE87C81 /* libPods-OrangeFashion.a */ = {isa = PBXFileReference; explicitFileType = archive.ar; includeInIndex = 0; path = "libPods-OrangeFashion.a"; sourceTree = BUILT_PRODUCTS_DIR; };
		EF1C8A3E323345E48F708F87 /* libPods-OrangeFashionTests.a */ = {isa = PBXFileReference; explicitFileType = archive.ar; includeInIndex = 0; path = "libPods-OrangeFashionTests.a"; sourceTree = BUILT_PRODUCTS_DIR; };
/* End PBXFileReference section */

/* Begin PBXFrameworksBuildPhase section */
		B4434C7C194E230000F70419 /* Frameworks */ = {
			isa = PBXFrameworksBuildPhase;
			buildActionMask = 2147483647;
			files = (
				6A44D52CF0764593A3BFC742 /* libPods-OrangeFashion.a in Frameworks */,
			);
			runOnlyForDeploymentPostprocessing = 0;
		};
		B4434C92194E230000F70419 /* Frameworks */ = {
			isa = PBXFrameworksBuildPhase;
			buildActionMask = 2147483647;
			files = (
				EDC3AD8226EB49B4B9F013C9 /* libPods-OrangeFashionTests.a in Frameworks */,
			);
			runOnlyForDeploymentPostprocessing = 0;
		};
/* End PBXFrameworksBuildPhase section */

/* Begin PBXGroup section */
		9122869917C34FC882B44EDD /* Frameworks */ = {
			isa = PBXGroup;
			children = (
				B51E29F28E764B30BDE87C81 /* libPods-OrangeFashion.a */,
				EF1C8A3E323345E48F708F87 /* libPods-OrangeFashionTests.a */,
			);
			name = Frameworks;
			sourceTree = "<group>";
		};
		B40A9AC11951A5980075337E /* AFOAuth1Client */ = {
			isa = PBXGroup;
			children = (
				B40A9AC21951A5980075337E /* AFOAuth1Client.h */,
				B40A9AC31951A5980075337E /* AFOAuth1Client.m */,
				B47B335119529E1600F207F3 /* AFOAuth1OneLeggedClient.h */,
				B47B335219529E1600F207F3 /* AFOAuth1OneLeggedClient.m */,
				B44B25F01953F584007CE8B1 /* AFOAuth1OneLeggedClientWooParser.h */,
				B44B25F11953F584007CE8B1 /* AFOAuth1OneLeggedClientWooParser.m */,
			);
			path = AFOAuth1Client;
			sourceTree = "<group>";
		};
		B4434C76194E230000F70419 = {
			isa = PBXGroup;
			children = (
				B4434C81194E230000F70419 /* OrangeFashion */,
				B4434C98194E230000F70419 /* OrangeFashionTests */,
				B4434C80194E230000F70419 /* Products */,
				286A147C54D1456B88623119 /* Pods-OrangeFashion.xcconfig */,
				9122869917C34FC882B44EDD /* Frameworks */,
				8856AF79BB734F728449A976 /* Pods-OrangeFashionTests.xcconfig */,
			);
			sourceTree = "<group>";
		};
		B4434C80194E230000F70419 /* Products */ = {
			isa = PBXGroup;
			children = (
				B4434C7F194E230000F70419 /* OrangeFashion.app */,
				B4434C95194E230000F70419 /* OrangeFashionTests.xctest */,
			);
			name = Products;
			sourceTree = "<group>";
		};
		B4434C81194E230000F70419 /* OrangeFashion */ = {
			isa = PBXGroup;
			children = (
				B44740AE19549E6F0037EDE6 /* iPad */,
				B4434C86194E230000F70419 /* AppDelegate.h */,
				B4434C87194E230000F70419 /* AppDelegate.m */,
				B4434C89194E230000F70419 /* ViewController.h */,
				B4434C8A194E230000F70419 /* ViewController.m */,
				B4434C8C194E230000F70419 /* Main.storyboard */,
				B4434C8F194E230000F70419 /* Images.xcassets */,
				B40A9AC11951A5980075337E /* AFOAuth1Client */,
				B4434C82194E230000F70419 /* Supporting Files */,
			);
			path = OrangeFashion;
			sourceTree = "<group>";
		};
		B4434C82194E230000F70419 /* Supporting Files */ = {
			isa = PBXGroup;
			children = (
				B4434C83194E230000F70419 /* Info.plist */,
				B4434C84194E230000F70419 /* main.m */,
			);
			name = "Supporting Files";
			sourceTree = "<group>";
		};
		B4434C98194E230000F70419 /* OrangeFashionTests */ = {
			isa = PBXGroup;
			children = (
				B490FE4719542A6000E1B60F /* AFOAuth1OneLeggedClientTests.m */,
				B490FE4819542A6000E1B60F /* AFOAuth1OneLeggedClientWooParserTests.m */,
				B4434C99194E230000F70419 /* Supporting Files */,
			);
			path = OrangeFashionTests;
			sourceTree = "<group>";
		};
		B4434C99194E230000F70419 /* Supporting Files */ = {
			isa = PBXGroup;
			children = (
				B4434C9A194E230000F70419 /* Info.plist */,
			);
			name = "Supporting Files";
			sourceTree = "<group>";
		};
		B44740AE19549E6F0037EDE6 /* iPad */ = {
			isa = PBXGroup;
			children = (
			);
			name = iPad;
			sourceTree = "<group>";
		};
/* End PBXGroup section */

/* Begin PBXNativeTarget section */
		B4434C7E194E230000F70419 /* OrangeFashion */ = {
			isa = PBXNativeTarget;
			buildConfigurationList = B4434C9F194E230000F70419 /* Build configuration list for PBXNativeTarget "OrangeFashion" */;
			buildPhases = (
				CB3617937DEE4630ACA453D0 /* Check Pods Manifest.lock */,
				B4434C7B194E230000F70419 /* Sources */,
				B4434C7C194E230000F70419 /* Frameworks */,
				B4434C7D194E230000F70419 /* Resources */,
				7E9C97E4FA864F6A83224AC4 /* Copy Pods Resources */,
			);
			buildRules = (
			);
			dependencies = (
			);
			name = OrangeFashion;
			productName = OrangeFashion;
			productReference = B4434C7F194E230000F70419 /* OrangeFashion.app */;
			productType = "com.apple.product-type.application";
		};
		B4434C94194E230000F70419 /* OrangeFashionTests */ = {
			isa = PBXNativeTarget;
			buildConfigurationList = B4434CA2194E230000F70419 /* Build configuration list for PBXNativeTarget "OrangeFashionTests" */;
			buildPhases = (
				1B22914549C4466597CA33C9 /* Check Pods Manifest.lock */,
				B4434C91194E230000F70419 /* Sources */,
				B4434C92194E230000F70419 /* Frameworks */,
				B4434C93194E230000F70419 /* Resources */,
				7AD7BA5A777D41198376A435 /* Copy Pods Resources */,
			);
			buildRules = (
			);
			dependencies = (
				B4434C97194E230000F70419 /* PBXTargetDependency */,
			);
			name = OrangeFashionTests;
			productName = OrangeFashionTests;
			productReference = B4434C95194E230000F70419 /* OrangeFashionTests.xctest */;
			productType = "com.apple.product-type.bundle.unit-test";
		};
/* End PBXNativeTarget section */

/* Begin PBXProject section */
		B4434C77194E230000F70419 /* Project object */ = {
			isa = PBXProject;
			attributes = {
				LastUpgradeCheck = 0600;
				ORGANIZATIONNAME = "Triệu Khang";
				TargetAttributes = {
					B4434C7E194E230000F70419 = {
						CreatedOnToolsVersion = 6.0;
					};
					B4434C94194E230000F70419 = {
						CreatedOnToolsVersion = 6.0;
						TestTargetID = B4434C7E194E230000F70419;
					};
				};
			};
			buildConfigurationList = B4434C7A194E230000F70419 /* Build configuration list for PBXProject "OrangeFashion" */;
			compatibilityVersion = "Xcode 3.2";
			developmentRegion = English;
			hasScannedForEncodings = 0;
			knownRegions = (
				en,
				Base,
			);
			mainGroup = B4434C76194E230000F70419;
			productRefGroup = B4434C80194E230000F70419 /* Products */;
			projectDirPath = "";
			projectRoot = "";
			targets = (
				B4434C7E194E230000F70419 /* OrangeFashion */,
				B4434C94194E230000F70419 /* OrangeFashionTests */,
			);
		};
/* End PBXProject section */

/* Begin PBXResourcesBuildPhase section */
		B4434C7D194E230000F70419 /* Resources */ = {
			isa = PBXResourcesBuildPhase;
			buildActionMask = 2147483647;
			files = (
				B4434C8E194E230000F70419 /* Main.storyboard in Resources */,
				B4434C90194E230000F70419 /* Images.xcassets in Resources */,
			);
			runOnlyForDeploymentPostprocessing = 0;
		};
		B4434C93194E230000F70419 /* Resources */ = {
			isa = PBXResourcesBuildPhase;
			buildActionMask = 2147483647;
			files = (
			);
			runOnlyForDeploymentPostprocessing = 0;
		};
/* End PBXResourcesBuildPhase section */

/* Begin PBXShellScriptBuildPhase section */
		1B22914549C4466597CA33C9 /* Check Pods Manifest.lock */ = {
			isa = PBXShellScriptBuildPhase;
			buildActionMask = 2147483647;
			files = (
			);
			inputPaths = (
			);
			name = "Check Pods Manifest.lock";
			outputPaths = (
			);
			runOnlyForDeploymentPostprocessing = 0;
			shellPath = /bin/sh;
			shellScript = "diff \"${PODS_ROOT}/../Podfile.lock\" \"${PODS_ROOT}/Manifest.lock\" > /dev/null\nif [[ $? != 0 ]] ; then\n    cat << EOM\nerror: The sandbox is not in sync with the Podfile.lock. Run 'pod install' or update your CocoaPods installation.\nEOM\n    exit 1\nfi\n";
			showEnvVarsInLog = 0;
		};
		7AD7BA5A777D41198376A435 /* Copy Pods Resources */ = {
			isa = PBXShellScriptBuildPhase;
			buildActionMask = 2147483647;
			files = (
			);
			inputPaths = (
			);
			name = "Copy Pods Resources";
			outputPaths = (
			);
			runOnlyForDeploymentPostprocessing = 0;
			shellPath = /bin/sh;
			shellScript = "\"${SRCROOT}/Pods/Pods-OrangeFashionTests-resources.sh\"\n";
			showEnvVarsInLog = 0;
		};
		7E9C97E4FA864F6A83224AC4 /* Copy Pods Resources */ = {
			isa = PBXShellScriptBuildPhase;
			buildActionMask = 2147483647;
			files = (
			);
			inputPaths = (
			);
			name = "Copy Pods Resources";
			outputPaths = (
			);
			runOnlyForDeploymentPostprocessing = 0;
			shellPath = /bin/sh;
			shellScript = "\"${SRCROOT}/Pods/Pods-OrangeFashion-resources.sh\"\n";
			showEnvVarsInLog = 0;
		};
		CB3617937DEE4630ACA453D0 /* Check Pods Manifest.lock */ = {
			isa = PBXShellScriptBuildPhase;
			buildActionMask = 2147483647;
			files = (
			);
			inputPaths = (
			);
			name = "Check Pods Manifest.lock";
			outputPaths = (
			);
			runOnlyForDeploymentPostprocessing = 0;
			shellPath = /bin/sh;
			shellScript = "diff \"${PODS_ROOT}/../Podfile.lock\" \"${PODS_ROOT}/Manifest.lock\" > /dev/null\nif [[ $? != 0 ]] ; then\n    cat << EOM\nerror: The sandbox is not in sync with the Podfile.lock. Run 'pod install' or update your CocoaPods installation.\nEOM\n    exit 1\nfi\n";
			showEnvVarsInLog = 0;
		};
/* End PBXShellScriptBuildPhase section */

/* Begin PBXSourcesBuildPhase section */
		B4434C7B194E230000F70419 /* Sources */ = {
			isa = PBXSourcesBuildPhase;
			buildActionMask = 2147483647;
			files = (
				B4434C8B194E230000F70419 /* ViewController.m in Sources */,
				B44B25F21953F584007CE8B1 /* AFOAuth1OneLeggedClientWooParser.m in Sources */,
				B4434C88194E230000F70419 /* AppDelegate.m in Sources */,
				B4434C85194E230000F70419 /* main.m in Sources */,
				B40A9AC41951A5980075337E /* AFOAuth1Client.m in Sources */,
				B47B335319529E1600F207F3 /* AFOAuth1OneLeggedClient.m in Sources */,
			);
			runOnlyForDeploymentPostprocessing = 0;
		};
		B4434C91194E230000F70419 /* Sources */ = {
			isa = PBXSourcesBuildPhase;
			buildActionMask = 2147483647;
			files = (
				B461DCDE19542C28003F7EF4 /* AFOAuth1OneLeggedClientTests.m in Sources */,
				B461DCDF19542C2C003F7EF4 /* AFOAuth1OneLeggedClientWooParserTests.m in Sources */,
			);
			runOnlyForDeploymentPostprocessing = 0;
		};
/* End PBXSourcesBuildPhase section */

/* Begin PBXTargetDependency section */
		B4434C97194E230000F70419 /* PBXTargetDependency */ = {
			isa = PBXTargetDependency;
			target = B4434C7E194E230000F70419 /* OrangeFashion */;
			targetProxy = B4434C96194E230000F70419 /* PBXContainerItemProxy */;
		};
/* End PBXTargetDependency section */

/* Begin PBXVariantGroup section */
		B4434C8C194E230000F70419 /* Main.storyboard */ = {
			isa = PBXVariantGroup;
			children = (
				B4434C8D194E230000F70419 /* Base */,
			);
			name = Main.storyboard;
			sourceTree = "<group>";
		};
/* End PBXVariantGroup section */

/* Begin XCBuildConfiguration section */
		B4434C9D194E230000F70419 /* Debug */ = {
			isa = XCBuildConfiguration;
			buildSettings = {
				ALWAYS_SEARCH_USER_PATHS = NO;
				CLANG_CXX_LANGUAGE_STANDARD = "gnu++0x";
				CLANG_CXX_LIBRARY = "libc++";
				CLANG_ENABLE_MODULES = YES;
				CLANG_ENABLE_OBJC_ARC = YES;
				CLANG_WARN_BOOL_CONVERSION = YES;
				CLANG_WARN_CONSTANT_CONVERSION = YES;
				CLANG_WARN_DIRECT_OBJC_ISA_USAGE = YES_ERROR;
				CLANG_WARN_EMPTY_BODY = YES;
				CLANG_WARN_ENUM_CONVERSION = YES;
				CLANG_WARN_INT_CONVERSION = YES;
				CLANG_WARN_OBJC_ROOT_CLASS = YES_ERROR;
				CLANG_WARN_UNREACHABLE_CODE = YES;
				CLANG_WARN__DUPLICATE_METHOD_MATCH = YES;
				"CODE_SIGN_IDENTITY[sdk=iphoneos*]" = "iPhone Developer";
				COPY_PHASE_STRIP = NO;
				ENABLE_STRICT_OBJC_MSGSEND = YES;
				GCC_C_LANGUAGE_STANDARD = gnu99;
				GCC_DYNAMIC_NO_PIC = NO;
				GCC_OPTIMIZATION_LEVEL = 0;
				GCC_PREPROCESSOR_DEFINITIONS = (
					"DEBUG=1",
					"$(inherited)",
				);
				GCC_SYMBOLS_PRIVATE_EXTERN = NO;
				GCC_WARN_64_TO_32_BIT_CONVERSION = YES;
				GCC_WARN_ABOUT_RETURN_TYPE = YES_ERROR;
				GCC_WARN_UNDECLARED_SELECTOR = YES;
				GCC_WARN_UNINITIALIZED_AUTOS = YES_AGGRESSIVE;
				GCC_WARN_UNUSED_FUNCTION = YES;
				GCC_WARN_UNUSED_VARIABLE = YES;
				IPHONEOS_DEPLOYMENT_TARGET = 8.0;
				METAL_ENABLE_DEBUG_INFO = YES;
				ONLY_ACTIVE_ARCH = YES;
				SDKROOT = iphoneos;
			};
			name = Debug;
		};
		B4434C9E194E230000F70419 /* Release */ = {
			isa = XCBuildConfiguration;
			buildSettings = {
				ALWAYS_SEARCH_USER_PATHS = NO;
				CLANG_CXX_LANGUAGE_STANDARD = "gnu++0x";
				CLANG_CXX_LIBRARY = "libc++";
				CLANG_ENABLE_MODULES = YES;
				CLANG_ENABLE_OBJC_ARC = YES;
				CLANG_WARN_BOOL_CONVERSION = YES;
				CLANG_WARN_CONSTANT_CONVERSION = YES;
				CLANG_WARN_DIRECT_OBJC_ISA_USAGE = YES_ERROR;
				CLANG_WARN_EMPTY_BODY = YES;
				CLANG_WARN_ENUM_CONVERSION = YES;
				CLANG_WARN_INT_CONVERSION = YES;
				CLANG_WARN_OBJC_ROOT_CLASS = YES_ERROR;
				CLANG_WARN_UNREACHABLE_CODE = YES;
				CLANG_WARN__DUPLICATE_METHOD_MATCH = YES;
				"CODE_SIGN_IDENTITY[sdk=iphoneos*]" = "iPhone Developer";
				COPY_PHASE_STRIP = YES;
				ENABLE_NS_ASSERTIONS = NO;
				ENABLE_STRICT_OBJC_MSGSEND = YES;
				GCC_C_LANGUAGE_STANDARD = gnu99;
				GCC_WARN_64_TO_32_BIT_CONVERSION = YES;
				GCC_WARN_ABOUT_RETURN_TYPE = YES_ERROR;
				GCC_WARN_UNDECLARED_SELECTOR = YES;
				GCC_WARN_UNINITIALIZED_AUTOS = YES_AGGRESSIVE;
				GCC_WARN_UNUSED_FUNCTION = YES;
				GCC_WARN_UNUSED_VARIABLE = YES;
				IPHONEOS_DEPLOYMENT_TARGET = 8.0;
				METAL_ENABLE_DEBUG_INFO = NO;
				SDKROOT = iphoneos;
				VALIDATE_PRODUCT = YES;
			};
			name = Release;
		};
		B4434CA0194E230000F70419 /* Debug */ = {
			isa = XCBuildConfiguration;
			baseConfigurationReference = 286A147C54D1456B88623119 /* Pods-OrangeFashion.xcconfig */;
			buildSettings = {
				ASSETCATALOG_COMPILER_APPICON_NAME = AppIcon;
				ASSETCATALOG_COMPILER_LAUNCHIMAGE_NAME = LaunchImage;
				INFOPLIST_FILE = OrangeFashion/Info.plist;
				IPHONEOS_DEPLOYMENT_TARGET = 6.0;
				LD_RUNPATH_SEARCH_PATHS = "$(inherited) @executable_path/Frameworks";
				PRODUCT_NAME = "$(TARGET_NAME)";
				TARGETED_DEVICE_FAMILY = "1,2";
			};
			name = Debug;
		};
		B4434CA1194E230000F70419 /* Release */ = {
			isa = XCBuildConfiguration;
			baseConfigurationReference = 286A147C54D1456B88623119 /* Pods-OrangeFashion.xcconfig */;
			buildSettings = {
				ASSETCATALOG_COMPILER_APPICON_NAME = AppIcon;
				ASSETCATALOG_COMPILER_LAUNCHIMAGE_NAME = LaunchImage;
				INFOPLIST_FILE = OrangeFashion/Info.plist;
				IPHONEOS_DEPLOYMENT_TARGET = 6.0;
				LD_RUNPATH_SEARCH_PATHS = "$(inherited) @executable_path/Frameworks";
				PRODUCT_NAME = "$(TARGET_NAME)";
				TARGETED_DEVICE_FAMILY = "1,2";
			};
			name = Release;
		};
		B4434CA3194E230000F70419 /* Debug */ = {
			isa = XCBuildConfiguration;
			baseConfigurationReference = 8856AF79BB734F728449A976 /* Pods-OrangeFashionTests.xcconfig */;
			buildSettings = {
				BUNDLE_LOADER = "$(BUILT_PRODUCTS_DIR)/OrangeFashion.app/OrangeFashion";
				FRAMEWORK_SEARCH_PATHS = (
					"$(SDKROOT)/Developer/Library/Frameworks",
					"$(inherited)",
				);
				GCC_PREPROCESSOR_DEFINITIONS = (
					"DEBUG=1",
					"$(inherited)",
				);
				INFOPLIST_FILE = OrangeFashionTests/Info.plist;
				LD_RUNPATH_SEARCH_PATHS = "$(inherited) @executable_path/Frameworks @loader_path/Frameworks";
				METAL_ENABLE_DEBUG_INFO = YES;
				PRODUCT_NAME = "$(TARGET_NAME)";
				TEST_HOST = "$(BUNDLE_LOADER)";
			};
			name = Debug;
		};
		B4434CA4194E230000F70419 /* Release */ = {
			isa = XCBuildConfiguration;
			baseConfigurationReference = 8856AF79BB734F728449A976 /* Pods-OrangeFashionTests.xcconfig */;
			buildSettings = {
				BUNDLE_LOADER = "$(BUILT_PRODUCTS_DIR)/OrangeFashion.app/OrangeFashion";
				FRAMEWORK_SEARCH_PATHS = (
					"$(SDKROOT)/Developer/Library/Frameworks",
					"$(inherited)",
				);
				INFOPLIST_FILE = OrangeFashionTests/Info.plist;
				LD_RUNPATH_SEARCH_PATHS = "$(inherited) @executable_path/Frameworks @loader_path/Frameworks";
				METAL_ENABLE_DEBUG_INFO = NO;
				PRODUCT_NAME = "$(TARGET_NAME)";
				TEST_HOST = "$(BUNDLE_LOADER)";
			};
			name = Release;
		};
/* End XCBuildConfiguration section */

/* Begin XCConfigurationList section */
		B4434C7A194E230000F70419 /* Build configuration list for PBXProject "OrangeFashion" */ = {
			isa = XCConfigurationList;
			buildConfigurations = (
				B4434C9D194E230000F70419 /* Debug */,
				B4434C9E194E230000F70419 /* Release */,
			);
			defaultConfigurationIsVisible = 0;
			defaultConfigurationName = Release;
		};
		B4434C9F194E230000F70419 /* Build configuration list for PBXNativeTarget "OrangeFashion" */ = {
			isa = XCConfigurationList;
			buildConfigurations = (
				B4434CA0194E230000F70419 /* Debug */,
				B4434CA1194E230000F70419 /* Release */,
			);
			defaultConfigurationIsVisible = 0;
			defaultConfigurationName = Release;
		};
		B4434CA2194E230000F70419 /* Build configuration list for PBXNativeTarget "OrangeFashionTests" */ = {
			isa = XCConfigurationList;
			buildConfigurations = (
				B4434CA3194E230000F70419 /* Debug */,
				B4434CA4194E230000F70419 /* Release */,
			);
			defaultConfigurationIsVisible = 0;
			defaultConfigurationName = Release;
		};
/* End XCConfigurationList section */
	};
	rootObject = B4434C77194E230000F70419 /* Project object */;
}
